
Microsoft Visual Studio Solution File, Format Version 12.00
# Visual Studio Version 16
VisualStudioVersion = 25.0.1705.3
MinimumVisualStudioVersion = 10.0.40219.1
Project("{FAE04EC0-301F-11D3-BF4B-00C04F79EFBC}") = "Sliit.MTIT.student", "Sliit.MTIT.student.csproj", "{AFC4900B-C62E-4099-9989-2995424E51C8}"
EndProject
Global
	GlobalSection(SolutionConfigurationPlatforms) = preSolution
		Debug|Any CPU = Debug|Any CPU
		Release|Any CPU = Release|Any CPU
	EndGlobalSection
	GlobalSection(ProjectConfigurationPlatforms) = postSolution
		{AFC4900B-C62E-4099-9989-2995424E51C8}.Debug|Any CPU.ActiveCfg = Debug|Any CPU
		{AFC4900B-C62E-4099-9989-2995424E51C8}.Debug|Any CPU.Build.0 = Debug|Any CPU
		{AFC4900B-C62E-4099-9989-2995424E51C8}.Release|Any CPU.ActiveCfg = Release|Any CPU
		{AFC4900B-C62E-4099-9989-2995424E51C8}.Release|Any CPU.Build.0 = Release|Any CPU
	EndGlobalSection
	GlobalSection(SolutionProperties) = preSolution
		HideSolutionNode = FALSE
	EndGlobalSection
	GlobalSection(ExtensibilityGlobals) = postSolution
		SolutionGuid = {CB3718BA-CDB7-4428-A1D0-9A4F11314F6C}
	EndGlobalSection
EndGlobal
